
Microsoft Visual Studio Solution File, Format Version 12.00
# Visual Studio Version 16
VisualStudioVersion = 16.0.31702.278
MinimumVisualStudioVersion = 10.0.40219.1
Project("{9A19103F-16F7-4668-BE54-9A1E7A4F7556}") = "MyAuth.OAuthPoint", "MyAuth.OAuthPoint\MyAuth.OAuthPoint.csproj", "{614FB649-8605-4F7B-831A-EE9C03257CFD}"
EndProject
Project("{FAE04EC0-301F-11D3-BF4B-00C04F79EFBC}") = "UnitTests", "UnitTests\UnitTests.csproj", "{DDCA55F6-4E2F-4A38-9CBF-7BF6AE7D9B0E}"
EndProject
Global
	GlobalSection(SolutionConfigurationPlatforms) = preSolution
		Debug|Any CPU = Debug|Any CPU
		Release|Any CPU = Release|Any CPU
	EndGlobalSection
	GlobalSection(ProjectConfigurationPlatforms) = postSolution
		{614FB649-8605-4F7B-831A-EE9C03257CFD}.Debug|Any CPU.ActiveCfg = Debug|Any CPU
		{614FB649-8605-4F7B-831A-EE9C03257CFD}.Debug|Any CPU.Build.0 = Debug|Any CPU
		{614FB649-8605-4F7B-831A-EE9C03257CFD}.Release|Any CPU.ActiveCfg = Release|Any CPU
		{614FB649-8605-4F7B-831A-EE9C03257CFD}.Release|Any CPU.Build.0 = Release|Any CPU
		{DDCA55F6-4E2F-4A38-9CBF-7BF6AE7D9B0E}.Debug|Any CPU.ActiveCfg = Debug|Any CPU
		{DDCA55F6-4E2F-4A38-9CBF-7BF6AE7D9B0E}.Debug|Any CPU.Build.0 = Debug|Any CPU
		{DDCA55F6-4E2F-4A38-9CBF-7BF6AE7D9B0E}.Release|Any CPU.ActiveCfg = Release|Any CPU
		{DDCA55F6-4E2F-4A38-9CBF-7BF6AE7D9B0E}.Release|Any CPU.Build.0 = Release|Any CPU
	EndGlobalSection
	GlobalSection(SolutionProperties) = preSolution
		HideSolutionNode = FALSE
	EndGlobalSection
	GlobalSection(ExtensibilityGlobals) = postSolution
		SolutionGuid = {51BF2DF6-8761-4F5E-A734-40D8A6299852}
	EndGlobalSection
EndGlobal
